// !$*UTF8*$!
{
	archiveVersion = 1;
	classes = {
	};
	objectVersion = 48;
	objects = {

/* Begin PBXBuildFile section */
		76382F59204CEC5500C76F45 /* AppDelegate.m in Sources */ = {isa = PBXBuildFile; fileRef = 76382F58204CEC5500C76F45 /* AppDelegate.m */; };
		76382F5B204CEC5500C76F45 /* Assets.xcassets in Resources */ = {isa = PBXBuildFile; fileRef = 76382F5A204CEC5500C76F45 /* Assets.xcassets */; };
		76382F5E204CEC5500C76F45 /* MainMenu.xib in Resources */ = {isa = PBXBuildFile; fileRef = 76382F5C204CEC5500C76F45 /* MainMenu.xib */; };
		76382F61204CEC5500C76F45 /* main.m in Sources */ = {isa = PBXBuildFile; fileRef = 76382F60204CEC5500C76F45 /* main.m */; };
		76382F70204CF21300C76F45 /* PacketTunnelProvider.m in Sources */ = {isa = PBXBuildFile; fileRef = 76382F6F204CF21300C76F45 /* PacketTunnelProvider.m */; };
		76382F75204CF21300C76F45 /* PacketTunnel.appex in Embed App Extensions */ = {isa = PBXBuildFile; fileRef = 76382F6C204CF21300C76F45 /* PacketTunnel.appex */; settings = {ATTRIBUTES = (RemoveHeadersOnCopy, ); }; };
		76382FA6204D27B300C76F45 /* NetworkExtension.framework in Frameworks */ = {isa = PBXBuildFile; fileRef = 76382FA5204D27B300C76F45 /* NetworkExtension.framework */; };
		76382FA9204D2AA200C76F45 /* TunnelClient.m in Sources */ = {isa = PBXBuildFile; fileRef = 76382FA8204D2AA100C76F45 /* TunnelClient.m */; };
		76382FAD204D405400C76F45 /* TunnelServer.m in Sources */ = {isa = PBXBuildFile; fileRef = 76382FAC204D405400C76F45 /* TunnelServer.m */; };
		76382FB0204D5BDE00C76F45 /* CocoaAsyncSocket.framework in Frameworks */ = {isa = PBXBuildFile; fileRef = 76382FAF204D5BDE00C76F45 /* CocoaAsyncSocket.framework */; };
		76382FB3204D5D6000C76F45 /* ProxyServer.m in Sources */ = {isa = PBXBuildFile; fileRef = 76382FB2204D5D6000C76F45 /* ProxyServer.m */; };
		76382FB5204D615300C76F45 /* CocoaAsyncSocket.framework in CopyFiles */ = {isa = PBXBuildFile; fileRef = 76382FAF204D5BDE00C76F45 /* CocoaAsyncSocket.framework */; settings = {ATTRIBUTES = (CodeSignOnCopy, RemoveHeadersOnCopy, ); }; };
		76382FB8204D68AE00C76F45 /* TCPPacket.m in Sources */ = {isa = PBXBuildFile; fileRef = 76382FB7204D68AE00C76F45 /* TCPPacket.m */; };
		7677E2482052ED2100478C55 /* Tunnel.m in Sources */ = {isa = PBXBuildFile; fileRef = 7677E2472052ED2100478C55 /* Tunnel.m */; };
		7677E2492052ED2100478C55 /* Tunnel.m in Sources */ = {isa = PBXBuildFile; fileRef = 7677E2472052ED2100478C55 /* Tunnel.m */; };
		769A80492053E9A300D9C43E /* NetworkExtension.framework in Frameworks */ = {isa = PBXBuildFile; fileRef = 76382FA5204D27B300C76F45 /* NetworkExtension.framework */; };
		76B4DC40204F874800A0B19C /* Utils.m in Sources */ = {isa = PBXBuildFile; fileRef = 76B4DC3F204F874800A0B19C /* Utils.m */; };
		76B4DC4120500FB200A0B19C /* Utils.m in Sources */ = {isa = PBXBuildFile; fileRef = 76B4DC3F204F874800A0B19C /* Utils.m */; };
		76CB686C20553E8900A4CA19 /* NAT.m in Sources */ = {isa = PBXBuildFile; fileRef = 76CB686B20553E8900A4CA19 /* NAT.m */; };
		76D0A6C72051491D0074BFC0 /* ProxyServer.m in Sources */ = {isa = PBXBuildFile; fileRef = 76382FB2204D5D6000C76F45 /* ProxyServer.m */; };
		76D0A6C8205149AD0074BFC0 /* CocoaAsyncSocket.framework in Frameworks */ = {isa = PBXBuildFile; fileRef = 76382FAF204D5BDE00C76F45 /* CocoaAsyncSocket.framework */; };
		76E2AD3120513ABB0034713E /* Checksum.m in Sources */ = {isa = PBXBuildFile; fileRef = 76E2AD2F20513ABA0034713E /* Checksum.m */; };
/* End PBXBuildFile section */

/* Begin PBXContainerItemProxy section */
		76382F73204CF21300C76F45 /* PBXContainerItemProxy */ = {
			isa = PBXContainerItemProxy;
			containerPortal = 76382F4C204CEC5500C76F45 /* Project object */;
			proxyType = 1;
			remoteGlobalIDString = 76382F6B204CF21300C76F45;
			remoteInfo = PacketTunnel;
		};
/* End PBXContainerItemProxy section */

/* Begin PBXCopyFilesBuildPhase section */
		76382F79204CF21300C76F45 /* Embed App Extensions */ = {
			isa = PBXCopyFilesBuildPhase;
			buildActionMask = 2147483647;
			dstPath = "";
			dstSubfolderSpec = 13;
			files = (
				76382F75204CF21300C76F45 /* PacketTunnel.appex in Embed App Extensions */,
			);
			name = "Embed App Extensions";
			runOnlyForDeploymentPostprocessing = 0;
		};
		76382FB4204D613F00C76F45 /* CopyFiles */ = {
			isa = PBXCopyFilesBuildPhase;
			buildActionMask = 2147483647;
			dstPath = "";
			dstSubfolderSpec = 10;
			files = (
				76382FB5204D615300C76F45 /* CocoaAsyncSocket.framework in CopyFiles */,
			);
			runOnlyForDeploymentPostprocessing = 0;
		};
/* End PBXCopyFilesBuildPhase section */

/* Begin PBXFileReference section */
		76382F54204CEC5500C76F45 /* PacketTunnelNAT.app */ = {isa = PBXFileReference; explicitFileType = wrapper.application; includeInIndex = 0; path = PacketTunnelNAT.app; sourceTree = BUILT_PRODUCTS_DIR; };
		76382F57204CEC5500C76F45 /* AppDelegate.h */ = {isa = PBXFileReference; lastKnownFileType = sourcecode.c.h; path = AppDelegate.h; sourceTree = "<group>"; };
		76382F58204CEC5500C76F45 /* AppDelegate.m */ = {isa = PBXFileReference; lastKnownFileType = sourcecode.c.objc; path = AppDelegate.m; sourceTree = "<group>"; };
		76382F5A204CEC5500C76F45 /* Assets.xcassets */ = {isa = PBXFileReference; lastKnownFileType = folder.assetcatalog; path = Assets.xcassets; sourceTree = "<group>"; };
		76382F5D204CEC5500C76F45 /* Base */ = {isa = PBXFileReference; lastKnownFileType = file.xib; name = Base; path = Base.lproj/MainMenu.xib; sourceTree = "<group>"; };
		76382F5F204CEC5500C76F45 /* Info.plist */ = {isa = PBXFileReference; lastKnownFileType = text.plist.xml; path = Info.plist; sourceTree = "<group>"; };
		76382F60204CEC5500C76F45 /* main.m */ = {isa = PBXFileReference; lastKnownFileType = sourcecode.c.objc; path = main.m; sourceTree = "<group>"; };
		76382F62204CEC5500C76F45 /* NAT.entitlements */ = {isa = PBXFileReference; lastKnownFileType = text.plist.entitlements; path = NAT.entitlements; sourceTree = "<group>"; };
		76382F6C204CF21300C76F45 /* PacketTunnel.appex */ = {isa = PBXFileReference; explicitFileType = "wrapper.app-extension"; includeInIndex = 0; path = PacketTunnel.appex; sourceTree = BUILT_PRODUCTS_DIR; };
		76382F6E204CF21300C76F45 /* PacketTunnelProvider.h */ = {isa = PBXFileReference; lastKnownFileType = sourcecode.c.h; path = PacketTunnelProvider.h; sourceTree = "<group>"; };
		76382F6F204CF21300C76F45 /* PacketTunnelProvider.m */ = {isa = PBXFileReference; lastKnownFileType = sourcecode.c.objc; path = PacketTunnelProvider.m; sourceTree = "<group>"; };
		76382F71204CF21300C76F45 /* Info.plist */ = {isa = PBXFileReference; lastKnownFileType = text.plist.xml; path = Info.plist; sourceTree = "<group>"; };
		76382F72204CF21300C76F45 /* PacketTunnel.entitlements */ = {isa = PBXFileReference; lastKnownFileType = text.plist.entitlements; path = PacketTunnel.entitlements; sourceTree = "<group>"; };
		76382FA5204D27B300C76F45 /* NetworkExtension.framework */ = {isa = PBXFileReference; lastKnownFileType = wrapper.framework; name = NetworkExtension.framework; path = System/Library/Frameworks/NetworkExtension.framework; sourceTree = SDKROOT; };
		76382FA7204D2AA100C76F45 /* TunnelClient.h */ = {isa = PBXFileReference; fileEncoding = 4; lastKnownFileType = sourcecode.c.h; path = TunnelClient.h; sourceTree = "<group>"; };
		76382FA8204D2AA100C76F45 /* TunnelClient.m */ = {isa = PBXFileReference; fileEncoding = 4; lastKnownFileType = sourcecode.c.objc; path = TunnelClient.m; sourceTree = "<group>"; };
		76382FAB204D405400C76F45 /* TunnelServer.h */ = {isa = PBXFileReference; lastKnownFileType = sourcecode.c.h; path = TunnelServer.h; sourceTree = "<group>"; };
		76382FAC204D405400C76F45 /* TunnelServer.m */ = {isa = PBXFileReference; lastKnownFileType = sourcecode.c.objc; path = TunnelServer.m; sourceTree = "<group>"; };
		76382FAF204D5BDE00C76F45 /* CocoaAsyncSocket.framework */ = {isa = PBXFileReference; lastKnownFileType = wrapper.framework; name = CocoaAsyncSocket.framework; path = Carthage/Build/Mac/CocoaAsyncSocket.framework; sourceTree = "<group>"; };
		76382FB1204D5D6000C76F45 /* ProxyServer.h */ = {isa = PBXFileReference; lastKnownFileType = sourcecode.c.h; path = ProxyServer.h; sourceTree = "<group>"; };
		76382FB2204D5D6000C76F45 /* ProxyServer.m */ = {isa = PBXFileReference; lastKnownFileType = sourcecode.c.objc; path = ProxyServer.m; sourceTree = "<group>"; };
		76382FB6204D68AE00C76F45 /* TCPPacket.h */ = {isa = PBXFileReference; lastKnownFileType = sourcecode.c.h; path = TCPPacket.h; sourceTree = "<group>"; };
		76382FB7204D68AE00C76F45 /* TCPPacket.m */ = {isa = PBXFileReference; lastKnownFileType = sourcecode.c.objc; path = TCPPacket.m; sourceTree = "<group>"; };
		7677E2462052ED2100478C55 /* Tunnel.h */ = {isa = PBXFileReference; lastKnownFileType = sourcecode.c.h; path = Tunnel.h; sourceTree = "<group>"; };
		7677E2472052ED2100478C55 /* Tunnel.m */ = {isa = PBXFileReference; lastKnownFileType = sourcecode.c.objc; path = Tunnel.m; sourceTree = "<group>"; };
		76B4DC3E204F874800A0B19C /* Utils.h */ = {isa = PBXFileReference; lastKnownFileType = sourcecode.c.h; path = Utils.h; sourceTree = "<group>"; };
		76B4DC3F204F874800A0B19C /* Utils.m */ = {isa = PBXFileReference; lastKnownFileType = sourcecode.c.objc; path = Utils.m; sourceTree = "<group>"; };
		76CB686A20553E8900A4CA19 /* NAT.h */ = {isa = PBXFileReference; lastKnownFileType = sourcecode.c.h; path = NAT.h; sourceTree = "<group>"; };
		76CB686B20553E8900A4CA19 /* NAT.m */ = {isa = PBXFileReference; lastKnownFileType = sourcecode.c.objc; path = NAT.m; sourceTree = "<group>"; };
		76D0A6C920514DFF0074BFC0 /* Config.h */ = {isa = PBXFileReference; lastKnownFileType = sourcecode.c.h; path = Config.h; sourceTree = "<group>"; };
		76E2AD2F20513ABA0034713E /* Checksum.m */ = {isa = PBXFileReference; fileEncoding = 4; lastKnownFileType = sourcecode.c.objc; path = Checksum.m; sourceTree = "<group>"; };
		76E2AD3020513ABB0034713E /* Checksum.h */ = {isa = PBXFileReference; fileEncoding = 4; lastKnownFileType = sourcecode.c.h; path = Checksum.h; sourceTree = "<group>"; };
/* End PBXFileReference section */

/* Begin PBXFrameworksBuildPhase section */
		76382F51204CEC5500C76F45 /* Frameworks */ = {
			isa = PBXFrameworksBuildPhase;
			buildActionMask = 2147483647;
			files = (
				76382FB0204D5BDE00C76F45 /* CocoaAsyncSocket.framework in Frameworks */,
				769A80492053E9A300D9C43E /* NetworkExtension.framework in Frameworks */,
			);
			runOnlyForDeploymentPostprocessing = 0;
		};
		76382F69204CF21300C76F45 /* Frameworks */ = {
			isa = PBXFrameworksBuildPhase;
			buildActionMask = 2147483647;
			files = (
				76382FA6204D27B300C76F45 /* NetworkExtension.framework in Frameworks */,
				76D0A6C8205149AD0074BFC0 /* CocoaAsyncSocket.framework in Frameworks */,
			);
			runOnlyForDeploymentPostprocessing = 0;
		};
/* End PBXFrameworksBuildPhase section */

/* Begin PBXGroup section */
		76382F4B204CEC5500C76F45 = {
			isa = PBXGroup;
			children = (
				76B4DC422050150A00A0B19C /* Shared */,
				76382F56204CEC5500C76F45 /* NAT */,
				76382F6D204CF21300C76F45 /* PacketTunnel */,
				76382F55204CEC5500C76F45 /* Products */,
				76382F9F204D236300C76F45 /* Frameworks */,
			);
			sourceTree = "<group>";
		};
		76382F55204CEC5500C76F45 /* Products */ = {
			isa = PBXGroup;
			children = (
				76382F54204CEC5500C76F45 /* PacketTunnelNAT.app */,
				76382F6C204CF21300C76F45 /* PacketTunnel.appex */,
			);
			name = Products;
			sourceTree = "<group>";
		};
		76382F56204CEC5500C76F45 /* NAT */ = {
			isa = PBXGroup;
			children = (
				76382FA7204D2AA100C76F45 /* TunnelClient.h */,
				76382FA8204D2AA100C76F45 /* TunnelClient.m */,
				76382F57204CEC5500C76F45 /* AppDelegate.h */,
				76382F58204CEC5500C76F45 /* AppDelegate.m */,
				76382F5A204CEC5500C76F45 /* Assets.xcassets */,
				76382F5C204CEC5500C76F45 /* MainMenu.xib */,
				76382F5F204CEC5500C76F45 /* Info.plist */,
				76382F60204CEC5500C76F45 /* main.m */,
				76382F62204CEC5500C76F45 /* NAT.entitlements */,
			);
			path = NAT;
			sourceTree = "<group>";
		};
		76382F6D204CF21300C76F45 /* PacketTunnel */ = {
			isa = PBXGroup;
			children = (
				76382F6E204CF21300C76F45 /* PacketTunnelProvider.h */,
				76382F6F204CF21300C76F45 /* PacketTunnelProvider.m */,
				76382FAB204D405400C76F45 /* TunnelServer.h */,
				76382FAC204D405400C76F45 /* TunnelServer.m */,
				76CB686A20553E8900A4CA19 /* NAT.h */,
				76CB686B20553E8900A4CA19 /* NAT.m */,
				76382FB6204D68AE00C76F45 /* TCPPacket.h */,
				76382FB7204D68AE00C76F45 /* TCPPacket.m */,
				76E2AD3020513ABB0034713E /* Checksum.h */,
				76E2AD2F20513ABA0034713E /* Checksum.m */,
				76382F71204CF21300C76F45 /* Info.plist */,
				76382F72204CF21300C76F45 /* PacketTunnel.entitlements */,
			);
			path = PacketTunnel;
			sourceTree = "<group>";
		};
		76382F9F204D236300C76F45 /* Frameworks */ = {
			isa = PBXGroup;
			children = (
				76382FAF204D5BDE00C76F45 /* CocoaAsyncSocket.framework */,
				76382FA5204D27B300C76F45 /* NetworkExtension.framework */,
			);
			name = Frameworks;
			sourceTree = "<group>";
		};
		76B4DC422050150A00A0B19C /* Shared */ = {
			isa = PBXGroup;
			children = (
				76B4DC3E204F874800A0B19C /* Utils.h */,
				76B4DC3F204F874800A0B19C /* Utils.m */,
				76382FB1204D5D6000C76F45 /* ProxyServer.h */,
				76382FB2204D5D6000C76F45 /* ProxyServer.m */,
				7677E2462052ED2100478C55 /* Tunnel.h */,
				7677E2472052ED2100478C55 /* Tunnel.m */,
				76D0A6C920514DFF0074BFC0 /* Config.h */,
			);
			path = Shared;
			sourceTree = "<group>";
		};
/* End PBXGroup section */

/* Begin PBXNativeTarget section */
		76382F53204CEC5500C76F45 /* NAT */ = {
			isa = PBXNativeTarget;
			buildConfigurationList = 76382F65204CEC5500C76F45 /* Build configuration list for PBXNativeTarget "NAT" */;
			buildPhases = (
				76382F50204CEC5500C76F45 /* Sources */,
				76382F51204CEC5500C76F45 /* Frameworks */,
				76382F52204CEC5500C76F45 /* Resources */,
				76382F79204CF21300C76F45 /* Embed App Extensions */,
				76382FB4204D613F00C76F45 /* CopyFiles */,
			);
			buildRules = (
			);
			dependencies = (
				76382F74204CF21300C76F45 /* PBXTargetDependency */,
			);
			name = NAT;
			productName = NAT;
			productReference = 76382F54204CEC5500C76F45 /* PacketTunnelNAT.app */;
			productType = "com.apple.product-type.application";
		};
		76382F6B204CF21300C76F45 /* PacketTunnel */ = {
			isa = PBXNativeTarget;
			buildConfigurationList = 76382F76204CF21300C76F45 /* Build configuration list for PBXNativeTarget "PacketTunnel" */;
			buildPhases = (
				76382F68204CF21300C76F45 /* Sources */,
				76382F69204CF21300C76F45 /* Frameworks */,
				76382F6A204CF21300C76F45 /* Resources */,
			);
			buildRules = (
			);
			dependencies = (
			);
			name = PacketTunnel;
			productName = PacketTunnel;
			productReference = 76382F6C204CF21300C76F45 /* PacketTunnel.appex */;
			productType = "com.apple.product-type.app-extension";
		};
/* End PBXNativeTarget section */

/* Begin PBXProject section */
		76382F4C204CEC5500C76F45 /* Project object */ = {
			isa = PBXProject;
			attributes = {
				LastUpgradeCheck = 0910;
				ORGANIZATIONNAME = simpzan;
				TargetAttributes = {
					76382F53204CEC5500C76F45 = {
						CreatedOnToolsVersion = 9.1;
						ProvisioningStyle = Automatic;
						SystemCapabilities = {
							com.apple.Keychain = {
								enabled = 1;
							};
							com.apple.NetworkExtensions = {
								enabled = 1;
							};
							com.apple.Sandbox = {
								enabled = 1;
							};
						};
					};
					76382F6B204CF21300C76F45 = {
						CreatedOnToolsVersion = 9.1;
						ProvisioningStyle = Automatic;
						SystemCapabilities = {
							com.apple.NetworkExtensions = {
								enabled = 1;
							};
							com.apple.Sandbox = {
								enabled = 1;
							};
						};
					};
				};
			};
			buildConfigurationList = 76382F4F204CEC5500C76F45 /* Build configuration list for PBXProject "NAT" */;
			compatibilityVersion = "Xcode 8.0";
			developmentRegion = en;
			hasScannedForEncodings = 0;
			knownRegions = (
				en,
				Base,
			);
			mainGroup = 76382F4B204CEC5500C76F45;
			productRefGroup = 76382F55204CEC5500C76F45 /* Products */;
			projectDirPath = "";
			projectRoot = "";
			targets = (
				76382F53204CEC5500C76F45 /* NAT */,
				76382F6B204CF21300C76F45 /* PacketTunnel */,
			);
		};
/* End PBXProject section */

/* Begin PBXResourcesBuildPhase section */
		76382F52204CEC5500C76F45 /* Resources */ = {
			isa = PBXResourcesBuildPhase;
			buildActionMask = 2147483647;
			files = (
				76382F5B204CEC5500C76F45 /* Assets.xcassets in Resources */,
				76382F5E204CEC5500C76F45 /* MainMenu.xib in Resources */,
			);
			runOnlyForDeploymentPostprocessing = 0;
		};
		76382F6A204CF21300C76F45 /* Resources */ = {
			isa = PBXResourcesBuildPhase;
			buildActionMask = 2147483647;
			files = (
			);
			runOnlyForDeploymentPostprocessing = 0;
		};
/* End PBXResourcesBuildPhase section */

/* Begin PBXSourcesBuildPhase section */
		76382F50204CEC5500C76F45 /* Sources */ = {
			isa = PBXSourcesBuildPhase;
			buildActionMask = 2147483647;
			files = (
				76382FA9204D2AA200C76F45 /* TunnelClient.m in Sources */,
				7677E2482052ED2100478C55 /* Tunnel.m in Sources */,
				76382FB3204D5D6000C76F45 /* ProxyServer.m in Sources */,
				76382F61204CEC5500C76F45 /* main.m in Sources */,
				76B4DC4120500FB200A0B19C /* Utils.m in Sources */,
				76382F59204CEC5500C76F45 /* AppDelegate.m in Sources */,
			);
			runOnlyForDeploymentPostprocessing = 0;
		};
		76382F68204CF21300C76F45 /* Sources */ = {
			isa = PBXSourcesBuildPhase;
			buildActionMask = 2147483647;
			files = (
				76382FAD204D405400C76F45 /* TunnelServer.m in Sources */,
				76D0A6C72051491D0074BFC0 /* ProxyServer.m in Sources */,
				76382F70204CF21300C76F45 /* PacketTunnelProvider.m in Sources */,
				76CB686C20553E8900A4CA19 /* NAT.m in Sources */,
				76382FB8204D68AE00C76F45 /* TCPPacket.m in Sources */,
				76E2AD3120513ABB0034713E /* Checksum.m in Sources */,
				7677E2492052ED2100478C55 /* Tunnel.m in Sources */,
				76B4DC40204F874800A0B19C /* Utils.m in Sources */,
			);
			runOnlyForDeploymentPostprocessing = 0;
		};
/* End PBXSourcesBuildPhase section */

/* Begin PBXTargetDependency section */
		76382F74204CF21300C76F45 /* PBXTargetDependency */ = {
			isa = PBXTargetDependency;
			target = 76382F6B204CF21300C76F45 /* PacketTunnel */;
			targetProxy = 76382F73204CF21300C76F45 /* PBXContainerItemProxy */;
		};
/* End PBXTargetDependency section */

/* Begin PBXVariantGroup section */
		76382F5C204CEC5500C76F45 /* MainMenu.xib */ = {
			isa = PBXVariantGroup;
			children = (
				76382F5D204CEC5500C76F45 /* Base */,
			);
			name = MainMenu.xib;
			sourceTree = "<group>";
		};
/* End PBXVariantGroup section */

/* Begin XCBuildConfiguration section */
		76382F63204CEC5500C76F45 /* Debug */ = {
			isa = XCBuildConfiguration;
			buildSettings = {
				ALWAYS_SEARCH_USER_PATHS = NO;
				CLANG_ANALYZER_NONNULL = YES;
				CLANG_ANALYZER_NUMBER_OBJECT_CONVERSION = YES_AGGRESSIVE;
				CLANG_CXX_LANGUAGE_STANDARD = "gnu++14";
				CLANG_CXX_LIBRARY = "libc++";
				CLANG_ENABLE_MODULES = YES;
				CLANG_ENABLE_OBJC_ARC = YES;
				CLANG_WARN_BLOCK_CAPTURE_AUTORELEASING = YES;
				CLANG_WARN_BOOL_CONVERSION = YES;
				CLANG_WARN_COMMA = YES;
				CLANG_WARN_CONSTANT_CONVERSION = YES;
				CLANG_WARN_DIRECT_OBJC_ISA_USAGE = YES_ERROR;
				CLANG_WARN_DOCUMENTATION_COMMENTS = YES;
				CLANG_WARN_EMPTY_BODY = YES;
				CLANG_WARN_ENUM_CONVERSION = YES;
				CLANG_WARN_INFINITE_RECURSION = YES;
				CLANG_WARN_INT_CONVERSION = YES;
				CLANG_WARN_NON_LITERAL_NULL_CONVERSION = YES;
				CLANG_WARN_OBJC_LITERAL_CONVERSION = YES;
				CLANG_WARN_OBJC_ROOT_CLASS = YES_ERROR;
				CLANG_WARN_RANGE_LOOP_ANALYSIS = YES;
				CLANG_WARN_STRICT_PROTOTYPES = YES;
				CLANG_WARN_SUSPICIOUS_MOVE = YES;
				CLANG_WARN_UNGUARDED_AVAILABILITY = YES_AGGRESSIVE;
				CLANG_WARN_UNREACHABLE_CODE = YES;
				CLANG_WARN__DUPLICATE_METHOD_MATCH = YES;
				CODE_SIGN_IDENTITY = "Mac Developer";
				COPY_PHASE_STRIP = NO;
				DEBUG_INFORMATION_FORMAT = dwarf;
				ENABLE_STRICT_OBJC_MSGSEND = YES;
				ENABLE_TESTABILITY = YES;
				GCC_C_LANGUAGE_STANDARD = gnu11;
				GCC_DYNAMIC_NO_PIC = NO;
				GCC_NO_COMMON_BLOCKS = YES;
				GCC_OPTIMIZATION_LEVEL = 0;
				GCC_PREPROCESSOR_DEFINITIONS = (
					"DEBUG=1",
					"$(inherited)",
				);
				GCC_WARN_64_TO_32_BIT_CONVERSION = YES;
				GCC_WARN_ABOUT_RETURN_TYPE = YES_ERROR;
				GCC_WARN_UNDECLARED_SELECTOR = YES;
				GCC_WARN_UNINITIALIZED_AUTOS = YES_AGGRESSIVE;
				GCC_WARN_UNUSED_FUNCTION = YES;
				GCC_WARN_UNUSED_VARIABLE = YES;
				MACOSX_DEPLOYMENT_TARGET = 10.12;
				MTL_ENABLE_DEBUG_INFO = YES;
				ONLY_ACTIVE_ARCH = YES;
				SDKROOT = macosx;
			};
			name = Debug;
		};
		76382F64204CEC5500C76F45 /* Release */ = {
			isa = XCBuildConfiguration;
			buildSettings = {
				ALWAYS_SEARCH_USER_PATHS = NO;
				CLANG_ANALYZER_NONNULL = YES;
				CLANG_ANALYZER_NUMBER_OBJECT_CONVERSION = YES_AGGRESSIVE;
				CLANG_CXX_LANGUAGE_STANDARD = "gnu++14";
				CLANG_CXX_LIBRARY = "libc++";
				CLANG_ENABLE_MODULES = YES;
				CLANG_ENABLE_OBJC_ARC = YES;
				CLANG_WARN_BLOCK_CAPTURE_AUTORELEASING = YES;
				CLANG_WARN_BOOL_CONVERSION = YES;
				CLANG_WARN_COMMA = YES;
				CLANG_WARN_CONSTANT_CONVERSION = YES;
				CLANG_WARN_DIRECT_OBJC_ISA_USAGE = YES_ERROR;
				CLANG_WARN_DOCUMENTATION_COMMENTS = YES;
				CLANG_WARN_EMPTY_BODY = YES;
				CLANG_WARN_ENUM_CONVERSION = YES;
				CLANG_WARN_INFINITE_RECURSION = YES;
				CLANG_WARN_INT_CONVERSION = YES;
				CLANG_WARN_NON_LITERAL_NULL_CONVERSION = YES;
				CLANG_WARN_OBJC_LITERAL_CONVERSION = YES;
				CLANG_WARN_OBJC_ROOT_CLASS = YES_ERROR;
				CLANG_WARN_RANGE_LOOP_ANALYSIS = YES;
				CLANG_WARN_STRICT_PROTOTYPES = YES;
				CLANG_WARN_SUSPICIOUS_MOVE = YES;
				CLANG_WARN_UNGUARDED_AVAILABILITY = YES_AGGRESSIVE;
				CLANG_WARN_UNREACHABLE_CODE = YES;
				CLANG_WARN__DUPLICATE_METHOD_MATCH = YES;
				CODE_SIGN_IDENTITY = "Mac Developer";
				COPY_PHASE_STRIP = NO;
				DEBUG_INFORMATION_FORMAT = "dwarf-with-dsym";
				ENABLE_NS_ASSERTIONS = NO;
				ENABLE_STRICT_OBJC_MSGSEND = YES;
				GCC_C_LANGUAGE_STANDARD = gnu11;
				GCC_NO_COMMON_BLOCKS = YES;
				GCC_WARN_64_TO_32_BIT_CONVERSION = YES;
				GCC_WARN_ABOUT_RETURN_TYPE = YES_ERROR;
				GCC_WARN_UNDECLARED_SELECTOR = YES;
				GCC_WARN_UNINITIALIZED_AUTOS = YES_AGGRESSIVE;
				GCC_WARN_UNUSED_FUNCTION = YES;
				GCC_WARN_UNUSED_VARIABLE = YES;
				MACOSX_DEPLOYMENT_TARGET = 10.12;
				MTL_ENABLE_DEBUG_INFO = NO;
				SDKROOT = macosx;
			};
			name = Release;
		};
		76382F66204CEC5500C76F45 /* Debug */ = {
			isa = XCBuildConfiguration;
			buildSettings = {
				ASSETCATALOG_COMPILER_APPICON_NAME = AppIcon;
				CODE_SIGN_ENTITLEMENTS = NAT/NAT.entitlements;
				CODE_SIGN_STYLE = Automatic;
				COMBINE_HIDPI_IMAGES = YES;
				DEVELOPMENT_TEAM = LL5MM59PQ7;
				FRAMEWORK_SEARCH_PATHS = (
					"$(inherited)",
					"$(PROJECT_DIR)/Carthage/Build/Mac",
				);
				INFOPLIST_FILE = NAT/Info.plist;
				LD_RUNPATH_SEARCH_PATHS = "$(inherited) @executable_path/../Frameworks";
				PRODUCT_BUNDLE_IDENTIFIER = com.simpzan.NAT;
				PRODUCT_NAME = "PacketTunnel$(TARGET_NAME)";
			};
			name = Debug;
		};
		76382F67204CEC5500C76F45 /* Release */ = {
			isa = XCBuildConfiguration;
			buildSettings = {
				ASSETCATALOG_COMPILER_APPICON_NAME = AppIcon;
				CODE_SIGN_ENTITLEMENTS = NAT/NAT.entitlements;
				CODE_SIGN_STYLE = Automatic;
				COMBINE_HIDPI_IMAGES = YES;
				DEVELOPMENT_TEAM = LL5MM59PQ7;
				FRAMEWORK_SEARCH_PATHS = (
					"$(inherited)",
					"$(PROJECT_DIR)/Carthage/Build/Mac",
				);
				INFOPLIST_FILE = NAT/Info.plist;
				LD_RUNPATH_SEARCH_PATHS = "$(inherited) @executable_path/../Frameworks";
				PRODUCT_BUNDLE_IDENTIFIER = com.simpzan.NAT;
				PRODUCT_NAME = "PacketTunnel$(TARGET_NAME)";
			};
			name = Release;
		};
		76382F77204CF21300C76F45 /* Debug */ = {
			isa = XCBuildConfiguration;
			buildSettings = {
				CODE_SIGN_ENTITLEMENTS = PacketTunnel/PacketTunnel.entitlements;
				CODE_SIGN_STYLE = Automatic;
				DEVELOPMENT_TEAM = LL5MM59PQ7;
				FRAMEWORK_SEARCH_PATHS = (
					"$(inherited)",
					"$(PROJECT_DIR)/Carthage/Build/Mac",
				);
				INFOPLIST_FILE = PacketTunnel/Info.plist;
				LD_RUNPATH_SEARCH_PATHS = "$(inherited) @executable_path/../Frameworks @executable_path/../../../../Frameworks";
				PRODUCT_BUNDLE_IDENTIFIER = com.simpzan.NAT.PacketTunnel;
				PRODUCT_NAME = "$(TARGET_NAME)";
				SKIP_INSTALL = YES;
			};
			name = Debug;
		};
		76382F78204CF21300C76F45 /* Release */ = {
			isa = XCBuildConfiguration;
			buildSettings = {
				CODE_SIGN_ENTITLEMENTS = PacketTunnel/PacketTunnel.entitlements;
				CODE_SIGN_STYLE = Automatic;
				DEVELOPMENT_TEAM = LL5MM59PQ7;
				FRAMEWORK_SEARCH_PATHS = (
					"$(inherited)",
					"$(PROJECT_DIR)/Carthage/Build/Mac",
				);
				INFOPLIST_FILE = PacketTunnel/Info.plist;
				LD_RUNPATH_SEARCH_PATHS = "$(inherited) @executable_path/../Frameworks @executable_path/../../../../Frameworks";
				PRODUCT_BUNDLE_IDENTIFIER = com.simpzan.NAT.PacketTunnel;
				PRODUCT_NAME = "$(TARGET_NAME)";
				SKIP_INSTALL = YES;
			};
			name = Release;
		};
/* End XCBuildConfiguration section */

/* Begin XCConfigurationList section */
		76382F4F204CEC5500C76F45 /* Build configuration list for PBXProject "NAT" */ = {
			isa = XCConfigurationList;
			buildConfigurations = (
				76382F63204CEC5500C76F45 /* Debug */,
				76382F64204CEC5500C76F45 /* Release */,
			);
			defaultConfigurationIsVisible = 0;
			defaultConfigurationName = Release;
		};
		76382F65204CEC5500C76F45 /* Build configuration list for PBXNativeTarget "NAT" */ = {
			isa = XCConfigurationList;
			buildConfigurations = (
				76382F66204CEC5500C76F45 /* Debug */,
				76382F67204CEC5500C76F45 /* Release */,
			);
			defaultConfigurationIsVisible = 0;
			defaultConfigurationName = Release;
		};
		76382F76204CF21300C76F45 /* Build configuration list for PBXNativeTarget "PacketTunnel" */ = {
			isa = XCConfigurationList;
			buildConfigurations = (
				76382F77204CF21300C76F45 /* Debug */,
				76382F78204CF21300C76F45 /* Release */,
			);
			defaultConfigurationIsVisible = 0;
			defaultConfigurationName = Release;
		};
/* End XCConfigurationList section */
	};
	rootObject = 76382F4C204CEC5500C76F45 /* Project object */;
}
